
Microsoft Visual Studio Solution File, Format Version 12.00
# Visual Studio Version 16
VisualStudioVersion = 16.0.32510.428
MinimumVisualStudioVersion = 10.0.40219.1
Project("{2150E333-8FDC-42A3-9474-1A3956D46DE8}") = "Solution Items", "Solution Items", "{0B3B8B21-E9FA-4B2E-8EBD-3DF4B3C0BD75}"
	ProjectSection(SolutionItems) = preProject
		.editorconfig = .editorconfig
	EndProjectSection
EndProject
Project("{FAE04EC0-301F-11D3-BF4B-00C04F79EFBC}") = "FormatDocComments", "FormatDocComments\FormatDocComments.csproj", "{18812A97-F255-48AB-ADBD-8F8C6CBADC5B}"
EndProject
Project("{FAE04EC0-301F-11D3-BF4B-00C04F79EFBC}") = "FormatDocComments.Tests", "FormatDocComments.Tests\FormatDocComments.Tests.csproj", "{2B04B9EE-E11D-4A5D-B4A4-7B0A7277388D}"
EndProject
Global
	GlobalSection(SolutionConfigurationPlatforms) = preSolution
		Debug|Any CPU = Debug|Any CPU
		Release|Any CPU = Release|Any CPU
	EndGlobalSection
	GlobalSection(ProjectConfigurationPlatforms) = postSolution
		{18812A97-F255-48AB-ADBD-8F8C6CBADC5B}.Debug|Any CPU.ActiveCfg = Debug|Any CPU
		{18812A97-F255-48AB-ADBD-8F8C6CBADC5B}.Debug|Any CPU.Build.0 = Debug|Any CPU
		{18812A97-F255-48AB-ADBD-8F8C6CBADC5B}.Release|Any CPU.ActiveCfg = Release|Any CPU
		{18812A97-F255-48AB-ADBD-8F8C6CBADC5B}.Release|Any CPU.Build.0 = Release|Any CPU
		{2B04B9EE-E11D-4A5D-B4A4-7B0A7277388D}.Debug|Any CPU.ActiveCfg = Debug|Any CPU
		{2B04B9EE-E11D-4A5D-B4A4-7B0A7277388D}.Debug|Any CPU.Build.0 = Debug|Any CPU
		{2B04B9EE-E11D-4A5D-B4A4-7B0A7277388D}.Release|Any CPU.ActiveCfg = Release|Any CPU
		{2B04B9EE-E11D-4A5D-B4A4-7B0A7277388D}.Release|Any CPU.Build.0 = Release|Any CPU
	EndGlobalSection
	GlobalSection(SolutionProperties) = preSolution
		HideSolutionNode = FALSE
	EndGlobalSection
	GlobalSection(ExtensibilityGlobals) = postSolution
		SolutionGuid = {D2576DD8-59D5-4DEB-AE6B-9DE0FF15A2A6}
	EndGlobalSection
EndGlobal
